
Microsoft Visual Studio Solution File, Format Version 12.00
# Visual Studio Version 16
VisualStudioVersion = 16.0.33027.164
MinimumVisualStudioVersion = 10.0.40219.1
Project("{FAE04EC0-301F-11D3-BF4B-00C04F79EFBC}") = "Camp", "Camp\Camp.csproj", "{93E5096A-6F2B-4F84-B8C1-2CE00C3CCCE1}"
EndProject
Project("{FAE04EC0-301F-11D3-BF4B-00C04F79EFBC}") = "OOP1", "OOP1\OOP1.csproj", "{23D5F484-E02C-4515-8D69-450547259FBC}"
EndProject
Project("{FAE04EC0-301F-11D3-BF4B-00C04F79EFBC}") = "Koleksiyonlar", "Koleksiyonlar\Koleksiyonlar.csproj", "{32E5D8A6-64AC-42BA-B6A1-B596D40B3298}"
EndProject
Project("{FAE04EC0-301F-11D3-BF4B-00C04F79EFBC}") = "GenericIntro", "GenericIntro\GenericIntro.csproj", "{36FC9A25-BCD3-4D5D-8C34-9B2CFD274721}"
EndProject
Project("{FAE04EC0-301F-11D3-BF4B-00C04F79EFBC}") = "ReferenceTypes", "ReferenceTypes\ReferenceTypes.csproj", "{56011535-7247-449F-9234-244F32CE9BF4}"
EndProject
Project("{FAE04EC0-301F-11D3-BF4B-00C04F79EFBC}") = "Constructors", "Constructors\Constructors.csproj", "{97BD4524-3AAE-4E4C-ABAD-53283EEEEE73}"
EndProject
Project("{FAE04EC0-301F-11D3-BF4B-00C04F79EFBC}") = "Dictionary", "Dictionary\Dictionary.csproj", "{221D4FFC-C234-442D-8A90-951E9E0F3758}"
EndProject
Project("{FAE04EC0-301F-11D3-BF4B-00C04F79EFBC}") = "OOP2", "OOP2\OOP2.csproj", "{09833787-D22A-4D61-B3D4-B1CE391BA6D8}"
EndProject
Project("{FAE04EC0-301F-11D3-BF4B-00C04F79EFBC}") = "OOP3", "OOP3\OOP3.csproj", "{7F6B629A-DE00-4178-821C-3E031ACA3EEE}"
EndProject
Global
	GlobalSection(SolutionConfigurationPlatforms) = preSolution
		Debug|Any CPU = Debug|Any CPU
		Release|Any CPU = Release|Any CPU
	EndGlobalSection
	GlobalSection(ProjectConfigurationPlatforms) = postSolution
		{93E5096A-6F2B-4F84-B8C1-2CE00C3CCCE1}.Debug|Any CPU.ActiveCfg = Debug|Any CPU
		{93E5096A-6F2B-4F84-B8C1-2CE00C3CCCE1}.Debug|Any CPU.Build.0 = Debug|Any CPU
		{93E5096A-6F2B-4F84-B8C1-2CE00C3CCCE1}.Release|Any CPU.ActiveCfg = Release|Any CPU
		{93E5096A-6F2B-4F84-B8C1-2CE00C3CCCE1}.Release|Any CPU.Build.0 = Release|Any CPU
		{23D5F484-E02C-4515-8D69-450547259FBC}.Debug|Any CPU.ActiveCfg = Debug|Any CPU
		{23D5F484-E02C-4515-8D69-450547259FBC}.Debug|Any CPU.Build.0 = Debug|Any CPU
		{23D5F484-E02C-4515-8D69-450547259FBC}.Release|Any CPU.ActiveCfg = Release|Any CPU
		{23D5F484-E02C-4515-8D69-450547259FBC}.Release|Any CPU.Build.0 = Release|Any CPU
		{32E5D8A6-64AC-42BA-B6A1-B596D40B3298}.Debug|Any CPU.ActiveCfg = Debug|Any CPU
		{32E5D8A6-64AC-42BA-B6A1-B596D40B3298}.Debug|Any CPU.Build.0 = Debug|Any CPU
		{32E5D8A6-64AC-42BA-B6A1-B596D40B3298}.Release|Any CPU.ActiveCfg = Release|Any CPU
		{32E5D8A6-64AC-42BA-B6A1-B596D40B3298}.Release|Any CPU.Build.0 = Release|Any CPU
		{36FC9A25-BCD3-4D5D-8C34-9B2CFD274721}.Debug|Any CPU.ActiveCfg = Debug|Any CPU
		{36FC9A25-BCD3-4D5D-8C34-9B2CFD274721}.Debug|Any CPU.Build.0 = Debug|Any CPU
		{36FC9A25-BCD3-4D5D-8C34-9B2CFD274721}.Release|Any CPU.ActiveCfg = Release|Any CPU
		{36FC9A25-BCD3-4D5D-8C34-9B2CFD274721}.Release|Any CPU.Build.0 = Release|Any CPU
		{56011535-7247-449F-9234-244F32CE9BF4}.Debug|Any CPU.ActiveCfg = Debug|Any CPU
		{56011535-7247-449F-9234-244F32CE9BF4}.Debug|Any CPU.Build.0 = Debug|Any CPU
		{56011535-7247-449F-9234-244F32CE9BF4}.Release|Any CPU.ActiveCfg = Release|Any CPU
		{56011535-7247-449F-9234-244F32CE9BF4}.Release|Any CPU.Build.0 = Release|Any CPU
		{97BD4524-3AAE-4E4C-ABAD-53283EEEEE73}.Debug|Any CPU.ActiveCfg = Debug|Any CPU
		{97BD4524-3AAE-4E4C-ABAD-53283EEEEE73}.Debug|Any CPU.Build.0 = Debug|Any CPU
		{97BD4524-3AAE-4E4C-ABAD-53283EEEEE73}.Release|Any CPU.ActiveCfg = Release|Any CPU
		{97BD4524-3AAE-4E4C-ABAD-53283EEEEE73}.Release|Any CPU.Build.0 = Release|Any CPU
		{221D4FFC-C234-442D-8A90-951E9E0F3758}.Debug|Any CPU.ActiveCfg = Debug|Any CPU
		{221D4FFC-C234-442D-8A90-951E9E0F3758}.Debug|Any CPU.Build.0 = Debug|Any CPU
		{221D4FFC-C234-442D-8A90-951E9E0F3758}.Release|Any CPU.ActiveCfg = Release|Any CPU
		{221D4FFC-C234-442D-8A90-951E9E0F3758}.Release|Any CPU.Build.0 = Release|Any CPU
		{09833787-D22A-4D61-B3D4-B1CE391BA6D8}.Debug|Any CPU.ActiveCfg = Debug|Any CPU
		{09833787-D22A-4D61-B3D4-B1CE391BA6D8}.Debug|Any CPU.Build.0 = Debug|Any CPU
		{09833787-D22A-4D61-B3D4-B1CE391BA6D8}.Release|Any CPU.ActiveCfg = Release|Any CPU
		{09833787-D22A-4D61-B3D4-B1CE391BA6D8}.Release|Any CPU.Build.0 = Release|Any CPU
		{7F6B629A-DE00-4178-821C-3E031ACA3EEE}.Debug|Any CPU.ActiveCfg = Debug|Any CPU
		{7F6B629A-DE00-4178-821C-3E031ACA3EEE}.Debug|Any CPU.Build.0 = Debug|Any CPU
		{7F6B629A-DE00-4178-821C-3E031ACA3EEE}.Release|Any CPU.ActiveCfg = Release|Any CPU
		{7F6B629A-DE00-4178-821C-3E031ACA3EEE}.Release|Any CPU.Build.0 = Release|Any CPU
	EndGlobalSection
	GlobalSection(SolutionProperties) = preSolution
		HideSolutionNode = FALSE
	EndGlobalSection
	GlobalSection(ExtensibilityGlobals) = postSolution
		SolutionGuid = {7E9368B9-BD77-4AC1-9318-393D12721E2C}
	EndGlobalSection
EndGlobal
